
Microsoft Visual Studio Solution File, Format Version 12.00
Project("{FAE04EC0-301F-11D3-BF4B-00C04F79EFBC}") = "paternBridge", "paternBridge\paternBridge.csproj", "{E8E3FEB5-B328-476A-93F6-A2058FB952EE}"
EndProject
Global
	GlobalSection(SolutionConfigurationPlatforms) = preSolution
		Debug|Any CPU = Debug|Any CPU
		Release|Any CPU = Release|Any CPU
	EndGlobalSection
	GlobalSection(ProjectConfigurationPlatforms) = postSolution
		{E8E3FEB5-B328-476A-93F6-A2058FB952EE}.Debug|Any CPU.ActiveCfg = Debug|Any CPU
		{E8E3FEB5-B328-476A-93F6-A2058FB952EE}.Debug|Any CPU.Build.0 = Debug|Any CPU
		{E8E3FEB5-B328-476A-93F6-A2058FB952EE}.Release|Any CPU.ActiveCfg = Release|Any CPU
		{E8E3FEB5-B328-476A-93F6-A2058FB952EE}.Release|Any CPU.Build.0 = Release|Any CPU
	EndGlobalSection
EndGlobal
